
Microsoft Visual Studio Solution File, Format Version 12.00
# Visual Studio 15
VisualStudioVersion = 15.0.26430.16
MinimumVisualStudioVersion = 10.0.40219.1
Project("{FAE04EC0-301F-11D3-BF4B-00C04F79EFBC}") = "TutorialDemo.Android", "TutorialDemo\TutorialDemo.Android\TutorialDemo.Android.csproj", "{77925CED-10BA-47CB-8667-9023C7278CCA}"
EndProject
Project("{FAE04EC0-301F-11D3-BF4B-00C04F79EFBC}") = "TutorialDemo", "TutorialDemo\TutorialDemo\TutorialDemo.csproj", "{BE15D16C-55D8-4FE9-A962-36FDBFFC7289}"
EndProject
Project("{FAE04EC0-301F-11D3-BF4B-00C04F79EFBC}") = "TutorialDemo.UWP", "TutorialDemo\TutorialDemo.UWP\TutorialDemo.UWP.csproj", "{ED4DF168-FCA8-4612-9124-EA7288371C85}"
EndProject
Project("{FAE04EC0-301F-11D3-BF4B-00C04F79EFBC}") = "TutorialDemo.iOS", "TutorialDemo\TutorialDemo.iOS\TutorialDemo.iOS.csproj", "{B988E4FE-7188-42D0-9F64-5B440F89BE17}"
EndProject
Global
	GlobalSection(SolutionConfigurationPlatforms) = preSolution
		Ad-Hoc|Any CPU = Ad-Hoc|Any CPU
		Ad-Hoc|ARM = Ad-Hoc|ARM
		Ad-Hoc|iPhone = Ad-Hoc|iPhone
		Ad-Hoc|iPhoneSimulator = Ad-Hoc|iPhoneSimulator
		Ad-Hoc|x64 = Ad-Hoc|x64
		Ad-Hoc|x86 = Ad-Hoc|x86
		AppStore|Any CPU = AppStore|Any CPU
		AppStore|ARM = AppStore|ARM
		AppStore|iPhone = AppStore|iPhone
		AppStore|iPhoneSimulator = AppStore|iPhoneSimulator
		AppStore|x64 = AppStore|x64
		AppStore|x86 = AppStore|x86
		Debug|Any CPU = Debug|Any CPU
		Debug|ARM = Debug|ARM
		Debug|iPhone = Debug|iPhone
		Debug|iPhoneSimulator = Debug|iPhoneSimulator
		Debug|x64 = Debug|x64
		Debug|x86 = Debug|x86
		Release|Any CPU = Release|Any CPU
		Release|ARM = Release|ARM
		Release|iPhone = Release|iPhone
		Release|iPhoneSimulator = Release|iPhoneSimulator
		Release|x64 = Release|x64
		Release|x86 = Release|x86
	EndGlobalSection
	GlobalSection(ProjectConfigurationPlatforms) = postSolution
		{77925CED-10BA-47CB-8667-9023C7278CCA}.Ad-Hoc|Any CPU.ActiveCfg = Release|Any CPU
		{77925CED-10BA-47CB-8667-9023C7278CCA}.Ad-Hoc|Any CPU.Build.0 = Release|Any CPU
		{77925CED-10BA-47CB-8667-9023C7278CCA}.Ad-Hoc|Any CPU.Deploy.0 = Release|Any CPU
		{77925CED-10BA-47CB-8667-9023C7278CCA}.Ad-Hoc|ARM.ActiveCfg = Release|Any CPU
		{77925CED-10BA-47CB-8667-9023C7278CCA}.Ad-Hoc|ARM.Build.0 = Release|Any CPU
		{77925CED-10BA-47CB-8667-9023C7278CCA}.Ad-Hoc|ARM.Deploy.0 = Release|Any CPU
		{77925CED-10BA-47CB-8667-9023C7278CCA}.Ad-Hoc|iPhone.ActiveCfg = Release|Any CPU
		{77925CED-10BA-47CB-8667-9023C7278CCA}.Ad-Hoc|iPhone.Build.0 = Release|Any CPU
		{77925CED-10BA-47CB-8667-9023C7278CCA}.Ad-Hoc|iPhone.Deploy.0 = Release|Any CPU
		{77925CED-10BA-47CB-8667-9023C7278CCA}.Ad-Hoc|iPhoneSimulator.ActiveCfg = Release|Any CPU
		{77925CED-10BA-47CB-8667-9023C7278CCA}.Ad-Hoc|iPhoneSimulator.Build.0 = Release|Any CPU
		{77925CED-10BA-47CB-8667-9023C7278CCA}.Ad-Hoc|iPhoneSimulator.Deploy.0 = Release|Any CPU
		{77925CED-10BA-47CB-8667-9023C7278CCA}.Ad-Hoc|x64.ActiveCfg = Release|Any CPU
		{77925CED-10BA-47CB-8667-9023C7278CCA}.Ad-Hoc|x64.Build.0 = Release|Any CPU
		{77925CED-10BA-47CB-8667-9023C7278CCA}.Ad-Hoc|x64.Deploy.0 = Release|Any CPU
		{77925CED-10BA-47CB-8667-9023C7278CCA}.Ad-Hoc|x86.ActiveCfg = Release|Any CPU
		{77925CED-10BA-47CB-8667-9023C7278CCA}.Ad-Hoc|x86.Build.0 = Release|Any CPU
		{77925CED-10BA-47CB-8667-9023C7278CCA}.Ad-Hoc|x86.Deploy.0 = Release|Any CPU
		{77925CED-10BA-47CB-8667-9023C7278CCA}.AppStore|Any CPU.ActiveCfg = Release|Any CPU
		{77925CED-10BA-47CB-8667-9023C7278CCA}.AppStore|Any CPU.Build.0 = Release|Any CPU
		{77925CED-10BA-47CB-8667-9023C7278CCA}.AppStore|Any CPU.Deploy.0 = Release|Any CPU
		{77925CED-10BA-47CB-8667-9023C7278CCA}.AppStore|ARM.ActiveCfg = Release|Any CPU
		{77925CED-10BA-47CB-8667-9023C7278CCA}.AppStore|ARM.Build.0 = Release|Any CPU
		{77925CED-10BA-47CB-8667-9023C7278CCA}.AppStore|ARM.Deploy.0 = Release|Any CPU
		{77925CED-10BA-47CB-8667-9023C7278CCA}.AppStore|iPhone.ActiveCfg = Release|Any CPU
		{77925CED-10BA-47CB-8667-9023C7278CCA}.AppStore|iPhone.Build.0 = Release|Any CPU
		{77925CED-10BA-47CB-8667-9023C7278CCA}.AppStore|iPhone.Deploy.0 = Release|Any CPU
		{77925CED-10BA-47CB-8667-9023C7278CCA}.AppStore|iPhoneSimulator.ActiveCfg = Release|Any CPU
		{77925CED-10BA-47CB-8667-9023C7278CCA}.AppStore|iPhoneSimulator.Build.0 = Release|Any CPU
		{77925CED-10BA-47CB-8667-9023C7278CCA}.AppStore|iPhoneSimulator.Deploy.0 = Release|Any CPU
		{77925CED-10BA-47CB-8667-9023C7278CCA}.AppStore|x64.ActiveCfg = Release|Any CPU
		{77925CED-10BA-47CB-8667-9023C7278CCA}.AppStore|x64.Build.0 = Release|Any CPU
		{77925CED-10BA-47CB-8667-9023C7278CCA}.AppStore|x64.Deploy.0 = Release|Any CPU
		{77925CED-10BA-47CB-8667-9023C7278CCA}.AppStore|x86.ActiveCfg = Release|Any CPU
		{77925CED-10BA-47CB-8667-9023C7278CCA}.AppStore|x86.Build.0 = Release|Any CPU
		{77925CED-10BA-47CB-8667-9023C7278CCA}.AppStore|x86.Deploy.0 = Release|Any CPU
		{77925CED-10BA-47CB-8667-9023C7278CCA}.Debug|Any CPU.ActiveCfg = Debug|Any CPU
		{77925CED-10BA-47CB-8667-9023C7278CCA}.Debug|Any CPU.Build.0 = Debug|Any CPU
		{77925CED-10BA-47CB-8667-9023C7278CCA}.Debug|Any CPU.Deploy.0 = Debug|Any CPU
		{77925CED-10BA-47CB-8667-9023C7278CCA}.Debug|ARM.ActiveCfg = Debug|Any CPU
		{77925CED-10BA-47CB-8667-9023C7278CCA}.Debug|ARM.Build.0 = Debug|Any CPU
		{77925CED-10BA-47CB-8667-9023C7278CCA}.Debug|ARM.Deploy.0 = Debug|Any CPU
		{77925CED-10BA-47CB-8667-9023C7278CCA}.Debug|iPhone.ActiveCfg = Debug|Any CPU
		{77925CED-10BA-47CB-8667-9023C7278CCA}.Debug|iPhone.Build.0 = Debug|Any CPU
		{77925CED-10BA-47CB-8667-9023C7278CCA}.Debug|iPhone.Deploy.0 = Debug|Any CPU
		{77925CED-10BA-47CB-8667-9023C7278CCA}.Debug|iPhoneSimulator.ActiveCfg = Debug|Any CPU
		{77925CED-10BA-47CB-8667-9023C7278CCA}.Debug|iPhoneSimulator.Build.0 = Debug|Any CPU
		{77925CED-10BA-47CB-8667-9023C7278CCA}.Debug|iPhoneSimulator.Deploy.0 = Debug|Any CPU
		{77925CED-10BA-47CB-8667-9023C7278CCA}.Debug|x64.ActiveCfg = Debug|Any CPU
		{77925CED-10BA-47CB-8667-9023C7278CCA}.Debug|x64.Build.0 = Debug|Any CPU
		{77925CED-10BA-47CB-8667-9023C7278CCA}.Debug|x64.Deploy.0 = Debug|Any CPU
		{77925CED-10BA-47CB-8667-9023C7278CCA}.Debug|x86.ActiveCfg = Debug|Any CPU
		{77925CED-10BA-47CB-8667-9023C7278CCA}.Debug|x86.Build.0 = Debug|Any CPU
		{77925CED-10BA-47CB-8667-9023C7278CCA}.Debug|x86.Deploy.0 = Debug|Any CPU
		{77925CED-10BA-47CB-8667-9023C7278CCA}.Release|Any CPU.ActiveCfg = Release|Any CPU
		{77925CED-10BA-47CB-8667-9023C7278CCA}.Release|Any CPU.Build.0 = Release|Any CPU
		{77925CED-10BA-47CB-8667-9023C7278CCA}.Release|Any CPU.Deploy.0 = Release|Any CPU
		{77925CED-10BA-47CB-8667-9023C7278CCA}.Release|ARM.ActiveCfg = Release|Any CPU
		{77925CED-10BA-47CB-8667-9023C7278CCA}.Release|ARM.Build.0 = Release|Any CPU
		{77925CED-10BA-47CB-8667-9023C7278CCA}.Release|ARM.Deploy.0 = Release|Any CPU
		{77925CED-10BA-47CB-8667-9023C7278CCA}.Release|iPhone.ActiveCfg = Release|Any CPU
		{77925CED-10BA-47CB-8667-9023C7278CCA}.Release|iPhone.Build.0 = Release|Any CPU
		{77925CED-10BA-47CB-8667-9023C7278CCA}.Release|iPhone.Deploy.0 = Release|Any CPU
		{77925CED-10BA-47CB-8667-9023C7278CCA}.Release|iPhoneSimulator.ActiveCfg = Release|Any CPU
		{77925CED-10BA-47CB-8667-9023C7278CCA}.Release|iPhoneSimulator.Build.0 = Release|Any CPU
		{77925CED-10BA-47CB-8667-9023C7278CCA}.Release|iPhoneSimulator.Deploy.0 = Release|Any CPU
		{77925CED-10BA-47CB-8667-9023C7278CCA}.Release|x64.ActiveCfg = Release|Any CPU
		{77925CED-10BA-47CB-8667-9023C7278CCA}.Release|x64.Build.0 = Release|Any CPU
		{77925CED-10BA-47CB-8667-9023C7278CCA}.Release|x64.Deploy.0 = Release|Any CPU
		{77925CED-10BA-47CB-8667-9023C7278CCA}.Release|x86.ActiveCfg = Release|Any CPU
		{77925CED-10BA-47CB-8667-9023C7278CCA}.Release|x86.Build.0 = Release|Any CPU
		{77925CED-10BA-47CB-8667-9023C7278CCA}.Release|x86.Deploy.0 = Release|Any CPU
		{BE15D16C-55D8-4FE9-A962-36FDBFFC7289}.Ad-Hoc|Any CPU.ActiveCfg = Release|Any CPU
		{BE15D16C-55D8-4FE9-A962-36FDBFFC7289}.Ad-Hoc|Any CPU.Build.0 = Release|Any CPU
		{BE15D16C-55D8-4FE9-A962-36FDBFFC7289}.Ad-Hoc|ARM.ActiveCfg = Release|Any CPU
		{BE15D16C-55D8-4FE9-A962-36FDBFFC7289}.Ad-Hoc|ARM.Build.0 = Release|Any CPU
		{BE15D16C-55D8-4FE9-A962-36FDBFFC7289}.Ad-Hoc|iPhone.ActiveCfg = Release|Any CPU
		{BE15D16C-55D8-4FE9-A962-36FDBFFC7289}.Ad-Hoc|iPhone.Build.0 = Release|Any CPU
		{BE15D16C-55D8-4FE9-A962-36FDBFFC7289}.Ad-Hoc|iPhoneSimulator.ActiveCfg = Release|Any CPU
		{BE15D16C-55D8-4FE9-A962-36FDBFFC7289}.Ad-Hoc|iPhoneSimulator.Build.0 = Release|Any CPU
		{BE15D16C-55D8-4FE9-A962-36FDBFFC7289}.Ad-Hoc|x64.ActiveCfg = Release|Any CPU
		{BE15D16C-55D8-4FE9-A962-36FDBFFC7289}.Ad-Hoc|x64.Build.0 = Release|Any CPU
		{BE15D16C-55D8-4FE9-A962-36FDBFFC7289}.Ad-Hoc|x86.ActiveCfg = Release|Any CPU
		{BE15D16C-55D8-4FE9-A962-36FDBFFC7289}.Ad-Hoc|x86.Build.0 = Release|Any CPU
		{BE15D16C-55D8-4FE9-A962-36FDBFFC7289}.AppStore|Any CPU.ActiveCfg = Release|Any CPU
		{BE15D16C-55D8-4FE9-A962-36FDBFFC7289}.AppStore|Any CPU.Build.0 = Release|Any CPU
		{BE15D16C-55D8-4FE9-A962-36FDBFFC7289}.AppStore|ARM.ActiveCfg = Release|Any CPU
		{BE15D16C-55D8-4FE9-A962-36FDBFFC7289}.AppStore|ARM.Build.0 = Release|Any CPU
		{BE15D16C-55D8-4FE9-A962-36FDBFFC7289}.AppStore|iPhone.ActiveCfg = Release|Any CPU
		{BE15D16C-55D8-4FE9-A962-36FDBFFC7289}.AppStore|iPhone.Build.0 = Release|Any CPU
		{BE15D16C-55D8-4FE9-A962-36FDBFFC7289}.AppStore|iPhoneSimulator.ActiveCfg = Release|Any CPU
		{BE15D16C-55D8-4FE9-A962-36FDBFFC7289}.AppStore|iPhoneSimulator.Build.0 = Release|Any CPU
		{BE15D16C-55D8-4FE9-A962-36FDBFFC7289}.AppStore|x64.ActiveCfg = Release|Any CPU
		{BE15D16C-55D8-4FE9-A962-36FDBFFC7289}.AppStore|x64.Build.0 = Release|Any CPU
		{BE15D16C-55D8-4FE9-A962-36FDBFFC7289}.AppStore|x86.ActiveCfg = Release|Any CPU
		{BE15D16C-55D8-4FE9-A962-36FDBFFC7289}.AppStore|x86.Build.0 = Release|Any CPU
		{BE15D16C-55D8-4FE9-A962-36FDBFFC7289}.Debug|Any CPU.ActiveCfg = Debug|Any CPU
		{BE15D16C-55D8-4FE9-A962-36FDBFFC7289}.Debug|Any CPU.Build.0 = Debug|Any CPU
		{BE15D16C-55D8-4FE9-A962-36FDBFFC7289}.Debug|ARM.ActiveCfg = Debug|Any CPU
		{BE15D16C-55D8-4FE9-A962-36FDBFFC7289}.Debug|ARM.Build.0 = Debug|Any CPU
		{BE15D16C-55D8-4FE9-A962-36FDBFFC7289}.Debug|iPhone.ActiveCfg = Debug|Any CPU
		{BE15D16C-55D8-4FE9-A962-36FDBFFC7289}.Debug|iPhone.Build.0 = Debug|Any CPU
		{BE15D16C-55D8-4FE9-A962-36FDBFFC7289}.Debug|iPhoneSimulator.ActiveCfg = Debug|Any CPU
		{BE15D16C-55D8-4FE9-A962-36FDBFFC7289}.Debug|iPhoneSimulator.Build.0 = Debug|Any CPU
		{BE15D16C-55D8-4FE9-A962-36FDBFFC7289}.Debug|x64.ActiveCfg = Debug|Any CPU
		{BE15D16C-55D8-4FE9-A962-36FDBFFC7289}.Debug|x64.Build.0 = Debug|Any CPU
		{BE15D16C-55D8-4FE9-A962-36FDBFFC7289}.Debug|x86.ActiveCfg = Debug|Any CPU
		{BE15D16C-55D8-4FE9-A962-36FDBFFC7289}.Debug|x86.Build.0 = Debug|Any CPU
		{BE15D16C-55D8-4FE9-A962-36FDBFFC7289}.Release|Any CPU.ActiveCfg = Release|Any CPU
		{BE15D16C-55D8-4FE9-A962-36FDBFFC7289}.Release|Any CPU.Build.0 = Release|Any CPU
		{BE15D16C-55D8-4FE9-A962-36FDBFFC7289}.Release|ARM.ActiveCfg = Release|Any CPU
		{BE15D16C-55D8-4FE9-A962-36FDBFFC7289}.Release|ARM.Build.0 = Release|Any CPU
		{BE15D16C-55D8-4FE9-A962-36FDBFFC7289}.Release|iPhone.ActiveCfg = Release|Any CPU
		{BE15D16C-55D8-4FE9-A962-36FDBFFC7289}.Release|iPhone.Build.0 = Release|Any CPU
		{BE15D16C-55D8-4FE9-A962-36FDBFFC7289}.Release|iPhoneSimulator.ActiveCfg = Release|Any CPU
		{BE15D16C-55D8-4FE9-A962-36FDBFFC7289}.Release|iPhoneSimulator.Build.0 = Release|Any CPU
		{BE15D16C-55D8-4FE9-A962-36FDBFFC7289}.Release|x64.ActiveCfg = Release|Any CPU
		{BE15D16C-55D8-4FE9-A962-36FDBFFC7289}.Release|x64.Build.0 = Release|Any CPU
		{BE15D16C-55D8-4FE9-A962-36FDBFFC7289}.Release|x86.ActiveCfg = Release|Any CPU
		{BE15D16C-55D8-4FE9-A962-36FDBFFC7289}.Release|x86.Build.0 = Release|Any CPU
		{ED4DF168-FCA8-4612-9124-EA7288371C85}.Ad-Hoc|Any CPU.ActiveCfg = Release|x86
		{ED4DF168-FCA8-4612-9124-EA7288371C85}.Ad-Hoc|Any CPU.Build.0 = Release|x86
		{ED4DF168-FCA8-4612-9124-EA7288371C85}.Ad-Hoc|Any CPU.Deploy.0 = Release|x86
		{ED4DF168-FCA8-4612-9124-EA7288371C85}.Ad-Hoc|ARM.ActiveCfg = Release|ARM
		{ED4DF168-FCA8-4612-9124-EA7288371C85}.Ad-Hoc|ARM.Build.0 = Release|ARM
		{ED4DF168-FCA8-4612-9124-EA7288371C85}.Ad-Hoc|ARM.Deploy.0 = Release|ARM
		{ED4DF168-FCA8-4612-9124-EA7288371C85}.Ad-Hoc|iPhone.ActiveCfg = Release|x86
		{ED4DF168-FCA8-4612-9124-EA7288371C85}.Ad-Hoc|iPhone.Build.0 = Release|x86
		{ED4DF168-FCA8-4612-9124-EA7288371C85}.Ad-Hoc|iPhone.Deploy.0 = Release|x86
		{ED4DF168-FCA8-4612-9124-EA7288371C85}.Ad-Hoc|iPhoneSimulator.ActiveCfg = Release|x86
		{ED4DF168-FCA8-4612-9124-EA7288371C85}.Ad-Hoc|iPhoneSimulator.Build.0 = Release|x86
		{ED4DF168-FCA8-4612-9124-EA7288371C85}.Ad-Hoc|iPhoneSimulator.Deploy.0 = Release|x86
		{ED4DF168-FCA8-4612-9124-EA7288371C85}.Ad-Hoc|x64.ActiveCfg = Release|x64
		{ED4DF168-FCA8-4612-9124-EA7288371C85}.Ad-Hoc|x64.Build.0 = Release|x64
		{ED4DF168-FCA8-4612-9124-EA7288371C85}.Ad-Hoc|x64.Deploy.0 = Release|x64
		{ED4DF168-FCA8-4612-9124-EA7288371C85}.Ad-Hoc|x86.ActiveCfg = Release|x86
		{ED4DF168-FCA8-4612-9124-EA7288371C85}.Ad-Hoc|x86.Build.0 = Release|x86
		{ED4DF168-FCA8-4612-9124-EA7288371C85}.Ad-Hoc|x86.Deploy.0 = Release|x86
		{ED4DF168-FCA8-4612-9124-EA7288371C85}.AppStore|Any CPU.ActiveCfg = Release|x86
		{ED4DF168-FCA8-4612-9124-EA7288371C85}.AppStore|Any CPU.Build.0 = Release|x86
		{ED4DF168-FCA8-4612-9124-EA7288371C85}.AppStore|Any CPU.Deploy.0 = Release|x86
		{ED4DF168-FCA8-4612-9124-EA7288371C85}.AppStore|ARM.ActiveCfg = Release|ARM
		{ED4DF168-FCA8-4612-9124-EA7288371C85}.AppStore|ARM.Build.0 = Release|ARM
		{ED4DF168-FCA8-4612-9124-EA7288371C85}.AppStore|ARM.Deploy.0 = Release|ARM
		{ED4DF168-FCA8-4612-9124-EA7288371C85}.AppStore|iPhone.ActiveCfg = Release|x86
		{ED4DF168-FCA8-4612-9124-EA7288371C85}.AppStore|iPhone.Build.0 = Release|x86
		{ED4DF168-FCA8-4612-9124-EA7288371C85}.AppStore|iPhone.Deploy.0 = Release|x86
		{ED4DF168-FCA8-4612-9124-EA7288371C85}.AppStore|iPhoneSimulator.ActiveCfg = Release|x86
		{ED4DF168-FCA8-4612-9124-EA7288371C85}.AppStore|iPhoneSimulator.Build.0 = Release|x86
		{ED4DF168-FCA8-4612-9124-EA7288371C85}.AppStore|iPhoneSimulator.Deploy.0 = Release|x86
		{ED4DF168-FCA8-4612-9124-EA7288371C85}.AppStore|x64.ActiveCfg = Release|x64
		{ED4DF168-FCA8-4612-9124-EA7288371C85}.AppStore|x64.Build.0 = Release|x64
		{ED4DF168-FCA8-4612-9124-EA7288371C85}.AppStore|x64.Deploy.0 = Release|x64
		{ED4DF168-FCA8-4612-9124-EA7288371C85}.AppStore|x86.ActiveCfg = Release|x86
		{ED4DF168-FCA8-4612-9124-EA7288371C85}.AppStore|x86.Build.0 = Release|x86
		{ED4DF168-FCA8-4612-9124-EA7288371C85}.AppStore|x86.Deploy.0 = Release|x86
		{ED4DF168-FCA8-4612-9124-EA7288371C85}.Debug|Any CPU.ActiveCfg = Debug|x86
		{ED4DF168-FCA8-4612-9124-EA7288371C85}.Debug|ARM.ActiveCfg = Debug|ARM
		{ED4DF168-FCA8-4612-9124-EA7288371C85}.Debug|ARM.Build.0 = Debug|ARM
		{ED4DF168-FCA8-4612-9124-EA7288371C85}.Debug|ARM.Deploy.0 = Debug|ARM
		{ED4DF168-FCA8-4612-9124-EA7288371C85}.Debug|iPhone.ActiveCfg = Debug|x86
		{ED4DF168-FCA8-4612-9124-EA7288371C85}.Debug|iPhoneSimulator.ActiveCfg = Debug|x86
		{ED4DF168-FCA8-4612-9124-EA7288371C85}.Debug|x64.ActiveCfg = Debug|x64
		{ED4DF168-FCA8-4612-9124-EA7288371C85}.Debug|x64.Build.0 = Debug|x64
		{ED4DF168-FCA8-4612-9124-EA7288371C85}.Debug|x64.Deploy.0 = Debug|x64
		{ED4DF168-FCA8-4612-9124-EA7288371C85}.Debug|x86.ActiveCfg = Debug|x86
		{ED4DF168-FCA8-4612-9124-EA7288371C85}.Debug|x86.Build.0 = Debug|x86
		{ED4DF168-FCA8-4612-9124-EA7288371C85}.Debug|x86.Deploy.0 = Debug|x86
		{ED4DF168-FCA8-4612-9124-EA7288371C85}.Release|Any CPU.ActiveCfg = Release|x86
		{ED4DF168-FCA8-4612-9124-EA7288371C85}.Release|ARM.ActiveCfg = Release|ARM
		{ED4DF168-FCA8-4612-9124-EA7288371C85}.Release|ARM.Build.0 = Release|ARM
		{ED4DF168-FCA8-4612-9124-EA7288371C85}.Release|ARM.Deploy.0 = Release|ARM
		{ED4DF168-FCA8-4612-9124-EA7288371C85}.Release|iPhone.ActiveCfg = Release|x86
		{ED4DF168-FCA8-4612-9124-EA7288371C85}.Release|iPhoneSimulator.ActiveCfg = Release|x86
		{ED4DF168-FCA8-4612-9124-EA7288371C85}.Release|x64.ActiveCfg = Release|x64
		{ED4DF168-FCA8-4612-9124-EA7288371C85}.Release|x64.Build.0 = Release|x64
		{ED4DF168-FCA8-4612-9124-EA7288371C85}.Release|x64.Deploy.0 = Release|x64
		{ED4DF168-FCA8-4612-9124-EA7288371C85}.Release|x86.ActiveCfg = Release|x86
		{ED4DF168-FCA8-4612-9124-EA7288371C85}.Release|x86.Build.0 = Release|x86
		{ED4DF168-FCA8-4612-9124-EA7288371C85}.Release|x86.Deploy.0 = Release|x86
		{B988E4FE-7188-42D0-9F64-5B440F89BE17}.Ad-Hoc|Any CPU.ActiveCfg = Ad-Hoc|iPhone
		{B988E4FE-7188-42D0-9F64-5B440F89BE17}.Ad-Hoc|ARM.ActiveCfg = Ad-Hoc|iPhone
		{B988E4FE-7188-42D0-9F64-5B440F89BE17}.Ad-Hoc|iPhone.ActiveCfg = Ad-Hoc|iPhone
		{B988E4FE-7188-42D0-9F64-5B440F89BE17}.Ad-Hoc|iPhone.Build.0 = Ad-Hoc|iPhone
		{B988E4FE-7188-42D0-9F64-5B440F89BE17}.Ad-Hoc|iPhoneSimulator.ActiveCfg = Ad-Hoc|iPhoneSimulator
		{B988E4FE-7188-42D0-9F64-5B440F89BE17}.Ad-Hoc|iPhoneSimulator.Build.0 = Ad-Hoc|iPhoneSimulator
		{B988E4FE-7188-42D0-9F64-5B440F89BE17}.Ad-Hoc|x64.ActiveCfg = Ad-Hoc|iPhone
		{B988E4FE-7188-42D0-9F64-5B440F89BE17}.Ad-Hoc|x86.ActiveCfg = Ad-Hoc|iPhone
		{B988E4FE-7188-42D0-9F64-5B440F89BE17}.AppStore|Any CPU.ActiveCfg = AppStore|iPhone
		{B988E4FE-7188-42D0-9F64-5B440F89BE17}.AppStore|ARM.ActiveCfg = AppStore|iPhone
		{B988E4FE-7188-42D0-9F64-5B440F89BE17}.AppStore|iPhone.ActiveCfg = AppStore|iPhone
		{B988E4FE-7188-42D0-9F64-5B440F89BE17}.AppStore|iPhone.Build.0 = AppStore|iPhone
		{B988E4FE-7188-42D0-9F64-5B440F89BE17}.AppStore|iPhoneSimulator.ActiveCfg = AppStore|iPhoneSimulator
		{B988E4FE-7188-42D0-9F64-5B440F89BE17}.AppStore|iPhoneSimulator.Build.0 = AppStore|iPhoneSimulator
		{B988E4FE-7188-42D0-9F64-5B440F89BE17}.AppStore|x64.ActiveCfg = AppStore|iPhone
		{B988E4FE-7188-42D0-9F64-5B440F89BE17}.AppStore|x86.ActiveCfg = AppStore|iPhone
		{B988E4FE-7188-42D0-9F64-5B440F89BE17}.Debug|Any CPU.ActiveCfg = Debug|iPhone
		{B988E4FE-7188-42D0-9F64-5B440F89BE17}.Debug|ARM.ActiveCfg = Debug|iPhone
		{B988E4FE-7188-42D0-9F64-5B440F89BE17}.Debug|iPhone.ActiveCfg = Debug|iPhone
		{B988E4FE-7188-42D0-9F64-5B440F89BE17}.Debug|iPhone.Build.0 = Debug|iPhone
		{B988E4FE-7188-42D0-9F64-5B440F89BE17}.Debug|iPhoneSimulator.ActiveCfg = Debug|iPhoneSimulator
		{B988E4FE-7188-42D0-9F64-5B440F89BE17}.Debug|iPhoneSimulator.Build.0 = Debug|iPhoneSimulator
		{B988E4FE-7188-42D0-9F64-5B440F89BE17}.Debug|x64.ActiveCfg = Debug|iPhone
		{B988E4FE-7188-42D0-9F64-5B440F89BE17}.Debug|x86.ActiveCfg = Debug|iPhone
		{B988E4FE-7188-42D0-9F64-5B440F89BE17}.Release|Any CPU.ActiveCfg = Release|iPhone
		{B988E4FE-7188-42D0-9F64-5B440F89BE17}.Release|ARM.ActiveCfg = Release|iPhone
		{B988E4FE-7188-42D0-9F64-5B440F89BE17}.Release|iPhone.ActiveCfg = Release|iPhone
		{B988E4FE-7188-42D0-9F64-5B440F89BE17}.Release|iPhone.Build.0 = Release|iPhone
		{B988E4FE-7188-42D0-9F64-5B440F89BE17}.Release|iPhoneSimulator.ActiveCfg = Release|iPhoneSimulator
		{B988E4FE-7188-42D0-9F64-5B440F89BE17}.Release|iPhoneSimulator.Build.0 = Release|iPhoneSimulator
		{B988E4FE-7188-42D0-9F64-5B440F89BE17}.Release|x64.ActiveCfg = Release|iPhone
		{B988E4FE-7188-42D0-9F64-5B440F89BE17}.Release|x86.ActiveCfg = Release|iPhone
	EndGlobalSection
	GlobalSection(SolutionProperties) = preSolution
		HideSolutionNode = FALSE
	EndGlobalSection
EndGlobal
